// !$*UTF8*$!
{
	archiveVersion = 1;
	classes = {
	};
	objectVersion = 50;
	objects = {

/* Begin PBXBuildFile section */
		A965EACF21D49ACF003BDDA4 /* CustomTableViewCell.swift in Sources */ = {isa = PBXBuildFile; fileRef = A965EACE21D49ACF003BDDA4 /* CustomTableViewCell.swift */; };
		A965EAD121D4A5DC003BDDA4 /* placehoder.png in Resources */ = {isa = PBXBuildFile; fileRef = A965EAD021D4A5DC003BDDA4 /* placehoder.png */; };
		A965EAD521D4A748003BDDA4 /* img1.jpg in Resources */ = {isa = PBXBuildFile; fileRef = A965EAD221D4A748003BDDA4 /* img1.jpg */; };
		A9DDC08121D39C7500F3FFF7 /* AppDelegate.swift in Sources */ = {isa = PBXBuildFile; fileRef = A9DDC08021D39C7500F3FFF7 /* AppDelegate.swift */; };
		A9DDC08321D39C7500F3FFF7 /* ViewController.swift in Sources */ = {isa = PBXBuildFile; fileRef = A9DDC08221D39C7500F3FFF7 /* ViewController.swift */; };
		A9DDC08621D39C7500F3FFF7 /* Main.storyboard in Resources */ = {isa = PBXBuildFile; fileRef = A9DDC08421D39C7500F3FFF7 /* Main.storyboard */; };
		A9DDC08921D39C7500F3FFF7 /* RestApiSampleApp.xcdatamodeld in Sources */ = {isa = PBXBuildFile; fileRef = A9DDC08721D39C7500F3FFF7 /* RestApiSampleApp.xcdatamodeld */; };
		A9DDC08B21D39C7600F3FFF7 /* Assets.xcassets in Resources */ = {isa = PBXBuildFile; fileRef = A9DDC08A21D39C7600F3FFF7 /* Assets.xcassets */; };
		A9DDC08E21D39C7600F3FFF7 /* LaunchScreen.storyboard in Resources */ = {isa = PBXBuildFile; fileRef = A9DDC08C21D39C7600F3FFF7 /* LaunchScreen.storyboard */; };
		A9DDC09921D39C7600F3FFF7 /* RestApiSampleAppTests.swift in Sources */ = {isa = PBXBuildFile; fileRef = A9DDC09821D39C7600F3FFF7 /* RestApiSampleAppTests.swift */; };
		A9DDC0A421D3A1FE00F3FFF7 /* ListTableViewController.swift in Sources */ = {isa = PBXBuildFile; fileRef = A9DDC0A321D3A1FE00F3FFF7 /* ListTableViewController.swift */; };
		A9DDC0A721D3A4D600F3FFF7 /* AlertController.swift in Sources */ = {isa = PBXBuildFile; fileRef = A9DDC0A621D3A4D600F3FFF7 /* AlertController.swift */; };
		A9DDC0A921D3A5B000F3FFF7 /* PersistantService.swift in Sources */ = {isa = PBXBuildFile; fileRef = A9DDC0A821D3A5B000F3FFF7 /* PersistantService.swift */; };
		A9DDC0AB21D3A62600F3FFF7 /* UserInfo.swift in Sources */ = {isa = PBXBuildFile; fileRef = A9DDC0AA21D3A62600F3FFF7 /* UserInfo.swift */; };
/* End PBXBuildFile section */

/* Begin PBXContainerItemProxy section */
		A9DDC09521D39C7600F3FFF7 /* PBXContainerItemProxy */ = {
			isa = PBXContainerItemProxy;
			containerPortal = A9DDC07521D39C7500F3FFF7 /* Project object */;
			proxyType = 1;
			remoteGlobalIDString = A9DDC07C21D39C7500F3FFF7;
			remoteInfo = RestApiSampleApp;
		};
/* End PBXContainerItemProxy section */

/* Begin PBXFileReference section */
		A965EACE21D49ACF003BDDA4 /* CustomTableViewCell.swift */ = {isa = PBXFileReference; lastKnownFileType = sourcecode.swift; path = CustomTableViewCell.swift; sourceTree = "<group>"; };
		A965EAD021D4A5DC003BDDA4 /* placehoder.png */ = {isa = PBXFileReference; lastKnownFileType = image.png; path = placehoder.png; sourceTree = "<group>"; };
		A965EAD221D4A748003BDDA4 /* img1.jpg */ = {isa = PBXFileReference; lastKnownFileType = image.jpeg; path = img1.jpg; sourceTree = "<group>"; };
		A9DDC07D21D39C7500F3FFF7 /* RestApiSampleApp.app */ = {isa = PBXFileReference; explicitFileType = wrapper.application; includeInIndex = 0; path = RestApiSampleApp.app; sourceTree = BUILT_PRODUCTS_DIR; };
		A9DDC08021D39C7500F3FFF7 /* AppDelegate.swift */ = {isa = PBXFileReference; lastKnownFileType = sourcecode.swift; path = AppDelegate.swift; sourceTree = "<group>"; };
		A9DDC08221D39C7500F3FFF7 /* ViewController.swift */ = {isa = PBXFileReference; lastKnownFileType = sourcecode.swift; path = ViewController.swift; sourceTree = "<group>"; };
		A9DDC08521D39C7500F3FFF7 /* Base */ = {isa = PBXFileReference; lastKnownFileType = file.storyboard; name = Base; path = Base.lproj/Main.storyboard; sourceTree = "<group>"; };
		A9DDC08821D39C7500F3FFF7 /* RestApiSampleApp.xcdatamodel */ = {isa = PBXFileReference; lastKnownFileType = wrapper.xcdatamodel; path = RestApiSampleApp.xcdatamodel; sourceTree = "<group>"; };
		A9DDC08A21D39C7600F3FFF7 /* Assets.xcassets */ = {isa = PBXFileReference; lastKnownFileType = folder.assetcatalog; path = Assets.xcassets; sourceTree = "<group>"; };
		A9DDC08D21D39C7600F3FFF7 /* Base */ = {isa = PBXFileReference; lastKnownFileType = file.storyboard; name = Base; path = Base.lproj/LaunchScreen.storyboard; sourceTree = "<group>"; };
		A9DDC08F21D39C7600F3FFF7 /* Info.plist */ = {isa = PBXFileReference; lastKnownFileType = text.plist.xml; path = Info.plist; sourceTree = "<group>"; };
		A9DDC09421D39C7600F3FFF7 /* RestApiSampleAppTests.xctest */ = {isa = PBXFileReference; explicitFileType = wrapper.cfbundle; includeInIndex = 0; path = RestApiSampleAppTests.xctest; sourceTree = BUILT_PRODUCTS_DIR; };
		A9DDC09821D39C7600F3FFF7 /* RestApiSampleAppTests.swift */ = {isa = PBXFileReference; lastKnownFileType = sourcecode.swift; path = RestApiSampleAppTests.swift; sourceTree = "<group>"; };
		A9DDC09A21D39C7600F3FFF7 /* Info.plist */ = {isa = PBXFileReference; lastKnownFileType = text.plist.xml; path = Info.plist; sourceTree = "<group>"; };
		A9DDC0A321D3A1FE00F3FFF7 /* ListTableViewController.swift */ = {isa = PBXFileReference; lastKnownFileType = sourcecode.swift; path = ListTableViewController.swift; sourceTree = "<group>"; };
		A9DDC0A621D3A4D600F3FFF7 /* AlertController.swift */ = {isa = PBXFileReference; fileEncoding = 4; lastKnownFileType = sourcecode.swift; path = AlertController.swift; sourceTree = "<group>"; };
		A9DDC0A821D3A5B000F3FFF7 /* PersistantService.swift */ = {isa = PBXFileReference; fileEncoding = 4; lastKnownFileType = sourcecode.swift; path = PersistantService.swift; sourceTree = "<group>"; };
		A9DDC0AA21D3A62600F3FFF7 /* UserInfo.swift */ = {isa = PBXFileReference; lastKnownFileType = sourcecode.swift; path = UserInfo.swift; sourceTree = "<group>"; };
/* End PBXFileReference section */

/* Begin PBXFrameworksBuildPhase section */
		A9DDC07A21D39C7500F3FFF7 /* Frameworks */ = {
			isa = PBXFrameworksBuildPhase;
			buildActionMask = 2147483647;
			files = (
			);
			runOnlyForDeploymentPostprocessing = 0;
		};
		A9DDC09121D39C7600F3FFF7 /* Frameworks */ = {
			isa = PBXFrameworksBuildPhase;
			buildActionMask = 2147483647;
			files = (
			);
			runOnlyForDeploymentPostprocessing = 0;
		};
/* End PBXFrameworksBuildPhase section */

/* Begin PBXGroup section */
		A965EAD821D4AB1B003BDDA4 /* Model */ = {
			isa = PBXGroup;
			children = (
				A9DDC0AA21D3A62600F3FFF7 /* UserInfo.swift */,
				A9DDC08721D39C7500F3FFF7 /* RestApiSampleApp.xcdatamodeld */,
				A9DDC0A821D3A5B000F3FFF7 /* PersistantService.swift */,
			);
			path = Model;
			sourceTree = "<group>";
		};
		A965EAD921D4AB54003BDDA4 /* Images */ = {
			isa = PBXGroup;
			children = (
				A965EAD221D4A748003BDDA4 /* img1.jpg */,
				A965EAD021D4A5DC003BDDA4 /* placehoder.png */,
			);
			path = Images;
			sourceTree = "<group>";
		};
		A965EADA21D4AB68003BDDA4 /* Controllers */ = {
			isa = PBXGroup;
			children = (
				A965EACE21D49ACF003BDDA4 /* CustomTableViewCell.swift */,
				A9DDC08221D39C7500F3FFF7 /* ViewController.swift */,
				A9DDC0A321D3A1FE00F3FFF7 /* ListTableViewController.swift */,
				A9DDC0A621D3A4D600F3FFF7 /* AlertController.swift */,
			);
			path = Controllers;
			sourceTree = "<group>";
		};
		A9DDC07421D39C7500F3FFF7 = {
			isa = PBXGroup;
			children = (
				A9DDC07F21D39C7500F3FFF7 /* RestApiSampleApp */,
				A9DDC09721D39C7600F3FFF7 /* RestApiSampleAppTests */,
				A9DDC07E21D39C7500F3FFF7 /* Products */,
			);
			sourceTree = "<group>";
		};
		A9DDC07E21D39C7500F3FFF7 /* Products */ = {
			isa = PBXGroup;
			children = (
				A9DDC07D21D39C7500F3FFF7 /* RestApiSampleApp.app */,
				A9DDC09421D39C7600F3FFF7 /* RestApiSampleAppTests.xctest */,
			);
			name = Products;
			sourceTree = "<group>";
		};
		A9DDC07F21D39C7500F3FFF7 /* RestApiSampleApp */ = {
			isa = PBXGroup;
			children = (
				A965EADA21D4AB68003BDDA4 /* Controllers */,
				A965EAD921D4AB54003BDDA4 /* Images */,
				A965EAD821D4AB1B003BDDA4 /* Model */,
				A9DDC08021D39C7500F3FFF7 /* AppDelegate.swift */,
				A9DDC08421D39C7500F3FFF7 /* Main.storyboard */,
				A9DDC08A21D39C7600F3FFF7 /* Assets.xcassets */,
				A9DDC08C21D39C7600F3FFF7 /* LaunchScreen.storyboard */,
				A9DDC08F21D39C7600F3FFF7 /* Info.plist */,
			);
			path = RestApiSampleApp;
			sourceTree = "<group>";
		};
		A9DDC09721D39C7600F3FFF7 /* RestApiSampleAppTests */ = {
			isa = PBXGroup;
			children = (
				A9DDC09821D39C7600F3FFF7 /* RestApiSampleAppTests.swift */,
				A9DDC09A21D39C7600F3FFF7 /* Info.plist */,
			);
			path = RestApiSampleAppTests;
			sourceTree = "<group>";
		};
/* End PBXGroup section */

/* Begin PBXNativeTarget section */
		A9DDC07C21D39C7500F3FFF7 /* RestApiSampleApp */ = {
			isa = PBXNativeTarget;
			buildConfigurationList = A9DDC09D21D39C7600F3FFF7 /* Build configuration list for PBXNativeTarget "RestApiSampleApp" */;
			buildPhases = (
				A9DDC07921D39C7500F3FFF7 /* Sources */,
				A9DDC07A21D39C7500F3FFF7 /* Frameworks */,
				A9DDC07B21D39C7500F3FFF7 /* Resources */,
			);
			buildRules = (
			);
			dependencies = (
			);
			name = RestApiSampleApp;
			productName = RestApiSampleApp;
			productReference = A9DDC07D21D39C7500F3FFF7 /* RestApiSampleApp.app */;
			productType = "com.apple.product-type.application";
		};
		A9DDC09321D39C7600F3FFF7 /* RestApiSampleAppTests */ = {
			isa = PBXNativeTarget;
			buildConfigurationList = A9DDC0A021D39C7600F3FFF7 /* Build configuration list for PBXNativeTarget "RestApiSampleAppTests" */;
			buildPhases = (
				A9DDC09021D39C7600F3FFF7 /* Sources */,
				A9DDC09121D39C7600F3FFF7 /* Frameworks */,
				A9DDC09221D39C7600F3FFF7 /* Resources */,
			);
			buildRules = (
			);
			dependencies = (
				A9DDC09621D39C7600F3FFF7 /* PBXTargetDependency */,
			);
			name = RestApiSampleAppTests;
			productName = RestApiSampleAppTests;
			productReference = A9DDC09421D39C7600F3FFF7 /* RestApiSampleAppTests.xctest */;
			productType = "com.apple.product-type.bundle.unit-test";
		};
/* End PBXNativeTarget section */

/* Begin PBXProject section */
		A9DDC07521D39C7500F3FFF7 /* Project object */ = {
			isa = PBXProject;
			attributes = {
				LastSwiftUpdateCheck = 1010;
				LastUpgradeCheck = 1010;
				ORGANIZATIONNAME = k4;
				TargetAttributes = {
					A9DDC07C21D39C7500F3FFF7 = {
						CreatedOnToolsVersion = 10.1;
					};
					A9DDC09321D39C7600F3FFF7 = {
						CreatedOnToolsVersion = 10.1;
						TestTargetID = A9DDC07C21D39C7500F3FFF7;
					};
				};
			};
			buildConfigurationList = A9DDC07821D39C7500F3FFF7 /* Build configuration list for PBXProject "RestApiSampleApp" */;
			compatibilityVersion = "Xcode 9.3";
			developmentRegion = en;
			hasScannedForEncodings = 0;
			knownRegions = (
				en,
				Base,
			);
			mainGroup = A9DDC07421D39C7500F3FFF7;
			productRefGroup = A9DDC07E21D39C7500F3FFF7 /* Products */;
			projectDirPath = "";
			projectRoot = "";
			targets = (
				A9DDC07C21D39C7500F3FFF7 /* RestApiSampleApp */,
				A9DDC09321D39C7600F3FFF7 /* RestApiSampleAppTests */,
			);
		};
/* End PBXProject section */

/* Begin PBXResourcesBuildPhase section */
		A9DDC07B21D39C7500F3FFF7 /* Resources */ = {
			isa = PBXResourcesBuildPhase;
			buildActionMask = 2147483647;
			files = (
				A965EAD121D4A5DC003BDDA4 /* placehoder.png in Resources */,
				A965EAD521D4A748003BDDA4 /* img1.jpg in Resources */,
				A9DDC08E21D39C7600F3FFF7 /* LaunchScreen.storyboard in Resources */,
				A9DDC08B21D39C7600F3FFF7 /* Assets.xcassets in Resources */,
				A9DDC08621D39C7500F3FFF7 /* Main.storyboard in Resources */,
			);
			runOnlyForDeploymentPostprocessing = 0;
		};
		A9DDC09221D39C7600F3FFF7 /* Resources */ = {
			isa = PBXResourcesBuildPhase;
			buildActionMask = 2147483647;
			files = (
			);
			runOnlyForDeploymentPostprocessing = 0;
		};
/* End PBXResourcesBuildPhase section */

/* Begin PBXSourcesBuildPhase section */
		A9DDC07921D39C7500F3FFF7 /* Sources */ = {
			isa = PBXSourcesBuildPhase;
			buildActionMask = 2147483647;
			files = (
				A9DDC08921D39C7500F3FFF7 /* RestApiSampleApp.xcdatamodeld in Sources */,
				A9DDC0A721D3A4D600F3FFF7 /* AlertController.swift in Sources */,
				A965EACF21D49ACF003BDDA4 /* CustomTableViewCell.swift in Sources */,
				A9DDC08321D39C7500F3FFF7 /* ViewController.swift in Sources */,
				A9DDC08121D39C7500F3FFF7 /* AppDelegate.swift in Sources */,
				A9DDC0A921D3A5B000F3FFF7 /* PersistantService.swift in Sources */,
				A9DDC0AB21D3A62600F3FFF7 /* UserInfo.swift in Sources */,
				A9DDC0A421D3A1FE00F3FFF7 /* ListTableViewController.swift in Sources */,
			);
			runOnlyForDeploymentPostprocessing = 0;
		};
		A9DDC09021D39C7600F3FFF7 /* Sources */ = {
			isa = PBXSourcesBuildPhase;
			buildActionMask = 2147483647;
			files = (
				A9DDC09921D39C7600F3FFF7 /* RestApiSampleAppTests.swift in Sources */,
			);
			runOnlyForDeploymentPostprocessing = 0;
		};
/* End PBXSourcesBuildPhase section */

/* Begin PBXTargetDependency section */
		A9DDC09621D39C7600F3FFF7 /* PBXTargetDependency */ = {
			isa = PBXTargetDependency;
			target = A9DDC07C21D39C7500F3FFF7 /* RestApiSampleApp */;
			targetProxy = A9DDC09521D39C7600F3FFF7 /* PBXContainerItemProxy */;
		};
/* End PBXTargetDependency section */

/* Begin PBXVariantGroup section */
		A9DDC08421D39C7500F3FFF7 /* Main.storyboard */ = {
			isa = PBXVariantGroup;
			children = (
				A9DDC08521D39C7500F3FFF7 /* Base */,
			);
			name = Main.storyboard;
			sourceTree = "<group>";
		};
		A9DDC08C21D39C7600F3FFF7 /* LaunchScreen.storyboard */ = {
			isa = PBXVariantGroup;
			children = (
				A9DDC08D21D39C7600F3FFF7 /* Base */,
			);
			name = LaunchScreen.storyboard;
			sourceTree = "<group>";
		};
/* End PBXVariantGroup section */

/* Begin XCBuildConfiguration section */
		A9DDC09B21D39C7600F3FFF7 /* Debug */ = {
			isa = XCBuildConfiguration;
			buildSettings = {
				ALWAYS_SEARCH_USER_PATHS = NO;
				CLANG_ANALYZER_NONNULL = YES;
				CLANG_ANALYZER_NUMBER_OBJECT_CONVERSION = YES_AGGRESSIVE;
				CLANG_CXX_LANGUAGE_STANDARD = "gnu++14";
				CLANG_CXX_LIBRARY = "libc++";
				CLANG_ENABLE_MODULES = YES;
				CLANG_ENABLE_OBJC_ARC = YES;
				CLANG_ENABLE_OBJC_WEAK = YES;
				CLANG_WARN_BLOCK_CAPTURE_AUTORELEASING = YES;
				CLANG_WARN_BOOL_CONVERSION = YES;
				CLANG_WARN_COMMA = YES;
				CLANG_WARN_CONSTANT_CONVERSION = YES;
				CLANG_WARN_DEPRECATED_OBJC_IMPLEMENTATIONS = YES;
				CLANG_WARN_DIRECT_OBJC_ISA_USAGE = YES_ERROR;
				CLANG_WARN_DOCUMENTATION_COMMENTS = YES;
				CLANG_WARN_EMPTY_BODY = YES;
				CLANG_WARN_ENUM_CONVERSION = YES;
				CLANG_WARN_INFINITE_RECURSION = YES;
				CLANG_WARN_INT_CONVERSION = YES;
				CLANG_WARN_NON_LITERAL_NULL_CONVERSION = YES;
				CLANG_WARN_OBJC_IMPLICIT_RETAIN_SELF = YES;
				CLANG_WARN_OBJC_LITERAL_CONVERSION = YES;
				CLANG_WARN_OBJC_ROOT_CLASS = YES_ERROR;
				CLANG_WARN_RANGE_LOOP_ANALYSIS = YES;
				CLANG_WARN_STRICT_PROTOTYPES = YES;
				CLANG_WARN_SUSPICIOUS_MOVE = YES;
				CLANG_WARN_UNGUARDED_AVAILABILITY = YES_AGGRESSIVE;
				CLANG_WARN_UNREACHABLE_CODE = YES;
				CLANG_WARN__DUPLICATE_METHOD_MATCH = YES;
				CODE_SIGN_IDENTITY = "iPhone Developer";
				COPY_PHASE_STRIP = NO;
				DEBUG_INFORMATION_FORMAT = dwarf;
				ENABLE_STRICT_OBJC_MSGSEND = YES;
				ENABLE_TESTABILITY = YES;
				GCC_C_LANGUAGE_STANDARD = gnu11;
				GCC_DYNAMIC_NO_PIC = NO;
				GCC_NO_COMMON_BLOCKS = YES;
				GCC_OPTIMIZATION_LEVEL = 0;
				GCC_PREPROCESSOR_DEFINITIONS = (
					"DEBUG=1",
					"$(inherited)",
				);
				GCC_WARN_64_TO_32_BIT_CONVERSION = YES;
				GCC_WARN_ABOUT_RETURN_TYPE = YES_ERROR;
				GCC_WARN_UNDECLARED_SELECTOR = YES;
				GCC_WARN_UNINITIALIZED_AUTOS = YES_AGGRESSIVE;
				GCC_WARN_UNUSED_FUNCTION = YES;
				GCC_WARN_UNUSED_VARIABLE = YES;
				IPHONEOS_DEPLOYMENT_TARGET = 10.0;
				MTL_ENABLE_DEBUG_INFO = INCLUDE_SOURCE;
				MTL_FAST_MATH = YES;
				ONLY_ACTIVE_ARCH = YES;
				SDKROOT = iphoneos;
				SWIFT_ACTIVE_COMPILATION_CONDITIONS = DEBUG;
				SWIFT_OPTIMIZATION_LEVEL = "-Onone";
			};
			name = Debug;
		};
		A9DDC09C21D39C7600F3FFF7 /* Release */ = {
			isa = XCBuildConfiguration;
			buildSettings = {
				ALWAYS_SEARCH_USER_PATHS = NO;
				CLANG_ANALYZER_NONNULL = YES;
				CLANG_ANALYZER_NUMBER_OBJECT_CONVERSION = YES_AGGRESSIVE;
				CLANG_CXX_LANGUAGE_STANDARD = "gnu++14";
				CLANG_CXX_LIBRARY = "libc++";
				CLANG_ENABLE_MODULES = YES;
				CLANG_ENABLE_OBJC_ARC = YES;
				CLANG_ENABLE_OBJC_WEAK = YES;
				CLANG_WARN_BLOCK_CAPTURE_AUTORELEASING = YES;
				CLANG_WARN_BOOL_CONVERSION = YES;
				CLANG_WARN_COMMA = YES;
				CLANG_WARN_CONSTANT_CONVERSION = YES;
				CLANG_WARN_DEPRECATED_OBJC_IMPLEMENTATIONS = YES;
				CLANG_WARN_DIRECT_OBJC_ISA_USAGE = YES_ERROR;
				CLANG_WARN_DOCUMENTATION_COMMENTS = YES;
				CLANG_WARN_EMPTY_BODY = YES;
				CLANG_WARN_ENUM_CONVERSION = YES;
				CLANG_WARN_INFINITE_RECURSION = YES;
				CLANG_WARN_INT_CONVERSION = YES;
				CLANG_WARN_NON_LITERAL_NULL_CONVERSION = YES;
				CLANG_WARN_OBJC_IMPLICIT_RETAIN_SELF = YES;
				CLANG_WARN_OBJC_LITERAL_CONVERSION = YES;
				CLANG_WARN_OBJC_ROOT_CLASS = YES_ERROR;
				CLANG_WARN_RANGE_LOOP_ANALYSIS = YES;
				CLANG_WARN_STRICT_PROTOTYPES = YES;
				CLANG_WARN_SUSPICIOUS_MOVE = YES;
				CLANG_WARN_UNGUARDED_AVAILABILITY = YES_AGGRESSIVE;
				CLANG_WARN_UNREACHABLE_CODE = YES;
				CLANG_WARN__DUPLICATE_METHOD_MATCH = YES;
				CODE_SIGN_IDENTITY = "iPhone Developer";
				COPY_PHASE_STRIP = NO;
				DEBUG_INFORMATION_FORMAT = "dwarf-with-dsym";
				ENABLE_NS_ASSERTIONS = NO;
				ENABLE_STRICT_OBJC_MSGSEND = YES;
				GCC_C_LANGUAGE_STANDARD = gnu11;
				GCC_NO_COMMON_BLOCKS = YES;
				GCC_WARN_64_TO_32_BIT_CONVERSION = YES;
				GCC_WARN_ABOUT_RETURN_TYPE = YES_ERROR;
				GCC_WARN_UNDECLARED_SELECTOR = YES;
				GCC_WARN_UNINITIALIZED_AUTOS = YES_AGGRESSIVE;
				GCC_WARN_UNUSED_FUNCTION = YES;
				GCC_WARN_UNUSED_VARIABLE = YES;
				IPHONEOS_DEPLOYMENT_TARGET = 10.0;
				MTL_ENABLE_DEBUG_INFO = NO;
				MTL_FAST_MATH = YES;
				SDKROOT = iphoneos;
				SWIFT_COMPILATION_MODE = wholemodule;
				SWIFT_OPTIMIZATION_LEVEL = "-O";
				VALIDATE_PRODUCT = YES;
			};
			name = Release;
		};
		A9DDC09E21D39C7600F3FFF7 /* Debug */ = {
			isa = XCBuildConfiguration;
			buildSettings = {
				ASSETCATALOG_COMPILER_APPICON_NAME = AppIcon;
				CODE_SIGN_STYLE = Automatic;
				DEVELOPMENT_TEAM = L665RRN8MH;
				INFOPLIST_FILE = RestApiSampleApp/Info.plist;
				IPHONEOS_DEPLOYMENT_TARGET = 10.0;
				LD_RUNPATH_SEARCH_PATHS = (
					"$(inherited)",
					"@executable_path/Frameworks",
				);
				PRODUCT_BUNDLE_IDENTIFIER = com.k4.RestApiSampleApp;
				PRODUCT_NAME = "$(TARGET_NAME)";
				SWIFT_VERSION = 4.2;
				TARGETED_DEVICE_FAMILY = "1,2";
			};
			name = Debug;
		};
		A9DDC09F21D39C7600F3FFF7 /* Release */ = {
			isa = XCBuildConfiguration;
			buildSettings = {
				ASSETCATALOG_COMPILER_APPICON_NAME = AppIcon;
				CODE_SIGN_STYLE = Automatic;
				DEVELOPMENT_TEAM = L665RRN8MH;
				INFOPLIST_FILE = RestApiSampleApp/Info.plist;
				IPHONEOS_DEPLOYMENT_TARGET = 10.0;
				LD_RUNPATH_SEARCH_PATHS = (
					"$(inherited)",
					"@executable_path/Frameworks",
				);
				PRODUCT_BUNDLE_IDENTIFIER = com.k4.RestApiSampleApp;
				PRODUCT_NAME = "$(TARGET_NAME)";
				SWIFT_VERSION = 4.2;
				TARGETED_DEVICE_FAMILY = "1,2";
			};
			name = Release;
		};
		A9DDC0A121D39C7600F3FFF7 /* Debug */ = {
			isa = XCBuildConfiguration;
			buildSettings = {
				ALWAYS_EMBED_SWIFT_STANDARD_LIBRARIES = YES;
				BUNDLE_LOADER = "$(TEST_HOST)";
				CODE_SIGN_STYLE = Automatic;
				DEVELOPMENT_TEAM = L665RRN8MH;
				INFOPLIST_FILE = RestApiSampleAppTests/Info.plist;
				LD_RUNPATH_SEARCH_PATHS = (
					"$(inherited)",
					"@executable_path/Frameworks",
					"@loader_path/Frameworks",
				);
				PRODUCT_BUNDLE_IDENTIFIER = com.k4.RestApiSampleAppTests;
				PRODUCT_NAME = "$(TARGET_NAME)";
				SWIFT_VERSION = 4.2;
				TARGETED_DEVICE_FAMILY = "1,2";
				TEST_HOST = "$(BUILT_PRODUCTS_DIR)/RestApiSampleApp.app/RestApiSampleApp";
			};
			name = Debug;
		};
		A9DDC0A221D39C7600F3FFF7 /* Release */ = {
			isa = XCBuildConfiguration;
			buildSettings = {
				ALWAYS_EMBED_SWIFT_STANDARD_LIBRARIES = YES;
				BUNDLE_LOADER = "$(TEST_HOST)";
				CODE_SIGN_STYLE = Automatic;
				DEVELOPMENT_TEAM = L665RRN8MH;
				INFOPLIST_FILE = RestApiSampleAppTests/Info.plist;
				LD_RUNPATH_SEARCH_PATHS = (
					"$(inherited)",
					"@executable_path/Frameworks",
					"@loader_path/Frameworks",
				);
				PRODUCT_BUNDLE_IDENTIFIER = com.k4.RestApiSampleAppTests;
				PRODUCT_NAME = "$(TARGET_NAME)";
				SWIFT_VERSION = 4.2;
				TARGETED_DEVICE_FAMILY = "1,2";
				TEST_HOST = "$(BUILT_PRODUCTS_DIR)/RestApiSampleApp.app/RestApiSampleApp";
			};
			name = Release;
		};
/* End XCBuildConfiguration section */

/* Begin XCConfigurationList section */
		A9DDC07821D39C7500F3FFF7 /* Build configuration list for PBXProject "RestApiSampleApp" */ = {
			isa = XCConfigurationList;
			buildConfigurations = (
				A9DDC09B21D39C7600F3FFF7 /* Debug */,
				A9DDC09C21D39C7600F3FFF7 /* Release */,
			);
			defaultConfigurationIsVisible = 0;
			defaultConfigurationName = Release;
		};
		A9DDC09D21D39C7600F3FFF7 /* Build configuration list for PBXNativeTarget "RestApiSampleApp" */ = {
			isa = XCConfigurationList;
			buildConfigurations = (
				A9DDC09E21D39C7600F3FFF7 /* Debug */,
				A9DDC09F21D39C7600F3FFF7 /* Release */,
			);
			defaultConfigurationIsVisible = 0;
			defaultConfigurationName = Release;
		};
		A9DDC0A021D39C7600F3FFF7 /* Build configuration list for PBXNativeTarget "RestApiSampleAppTests" */ = {
			isa = XCConfigurationList;
			buildConfigurations = (
				A9DDC0A121D39C7600F3FFF7 /* Debug */,
				A9DDC0A221D39C7600F3FFF7 /* Release */,
			);
			defaultConfigurationIsVisible = 0;
			defaultConfigurationName = Release;
		};
/* End XCConfigurationList section */

/* Begin XCVersionGroup section */
		A9DDC08721D39C7500F3FFF7 /* RestApiSampleApp.xcdatamodeld */ = {
			isa = XCVersionGroup;
			children = (
				A9DDC08821D39C7500F3FFF7 /* RestApiSampleApp.xcdatamodel */,
			);
			currentVersion = A9DDC08821D39C7500F3FFF7 /* RestApiSampleApp.xcdatamodel */;
			path = RestApiSampleApp.xcdatamodeld;
			sourceTree = "<group>";
			versionGroupType = wrapper.xcdatamodel;
		};
/* End XCVersionGroup section */
	};
	rootObject = A9DDC07521D39C7500F3FFF7 /* Project object */;
}
